
Microsoft Visual Studio Solution File, Format Version 12.00
# Visual Studio Version 18
VisualStudioVersion = 18.2.11408.102 d18.0
MinimumVisualStudioVersion = 10.0.40219.1
Project("{8BC9CEB8-8B4A-11D0-8D11-00A0C91BC942}") = "Crystal_Log", "Crystal_Log.vcxproj", "{19AF3FEF-73E4-4213-B3E8-F0AA5583D8DD}"
EndProject
Global
	GlobalSection(SolutionConfigurationPlatforms) = preSolution
		Debug|x64 = Debug|x64
		Release|x64 = Release|x64
	EndGlobalSection
	GlobalSection(ProjectConfigurationPlatforms) = postSolution
		{19AF3FEF-73E4-4213-B3E8-F0AA5583D8DD}.Debug|x64.ActiveCfg = Debug|x64
		{19AF3FEF-73E4-4213-B3E8-F0AA5583D8DD}.Debug|x64.Build.0 = Debug|x64
		{19AF3FEF-73E4-4213-B3E8-F0AA5583D8DD}.Release|x64.ActiveCfg = Release|x64
		{19AF3FEF-73E4-4213-B3E8-F0AA5583D8DD}.Release|x64.Build.0 = Release|x64
	EndGlobalSection
	GlobalSection(SolutionProperties) = preSolution
		HideSolutionNode = FALSE
	EndGlobalSection
	GlobalSection(ExtensibilityGlobals) = postSolution
		SolutionGuid = {A109B55F-BEF5-4055-BD1B-48DE1625F8DA}
	EndGlobalSection
EndGlobal
